// !$*UTF8*$!
{
	archiveVersion = 1;
	classes = {
	};
	objectVersion = 50;
	objects = {

/* Begin PBXBuildFile section */
		3D303AC92182D09700970A51 /* AppDelegate.swift in Sources */ = {isa = PBXBuildFile; fileRef = 3D303AC82182D09700970A51 /* AppDelegate.swift */; };
		3D303ACB2182D09700970A51 /* ViewController.swift in Sources */ = {isa = PBXBuildFile; fileRef = 3D303ACA2182D09700970A51 /* ViewController.swift */; };
		3D303ACE2182D09700970A51 /* Main.storyboard in Resources */ = {isa = PBXBuildFile; fileRef = 3D303ACC2182D09700970A51 /* Main.storyboard */; };
		3D303AD02182D09900970A51 /* Assets.xcassets in Resources */ = {isa = PBXBuildFile; fileRef = 3D303ACF2182D09900970A51 /* Assets.xcassets */; };
		3D303AD32182D09900970A51 /* LaunchScreen.storyboard in Resources */ = {isa = PBXBuildFile; fileRef = 3D303AD12182D09900970A51 /* LaunchScreen.storyboard */; };
		3D303ADE2182D09900970A51 /* circleciTestingTests.swift in Sources */ = {isa = PBXBuildFile; fileRef = 3D303ADD2182D09900970A51 /* circleciTestingTests.swift */; };
/* End PBXBuildFile section */

/* Begin PBXContainerItemProxy section */
		3D303ADA2182D09900970A51 /* PBXContainerItemProxy */ = {
			isa = PBXContainerItemProxy;
			containerPortal = 3D303ABD2182D09700970A51 /* Project object */;
			proxyType = 1;
			remoteGlobalIDString = 3D303AC42182D09700970A51;
			remoteInfo = circleciTesting;
		};
/* End PBXContainerItemProxy section */

/* Begin PBXFileReference section */
		3D303AC52182D09700970A51 /* circleciTesting.app */ = {isa = PBXFileReference; explicitFileType = wrapper.application; includeInIndex = 0; path = circleciTesting.app; sourceTree = BUILT_PRODUCTS_DIR; };
		3D303AC82182D09700970A51 /* AppDelegate.swift */ = {isa = PBXFileReference; lastKnownFileType = sourcecode.swift; path = AppDelegate.swift; sourceTree = "<group>"; };
		3D303ACA2182D09700970A51 /* ViewController.swift */ = {isa = PBXFileReference; lastKnownFileType = sourcecode.swift; path = ViewController.swift; sourceTree = "<group>"; };
		3D303ACD2182D09700970A51 /* Base */ = {isa = PBXFileReference; lastKnownFileType = file.storyboard; name = Base; path = Base.lproj/Main.storyboard; sourceTree = "<group>"; };
		3D303ACF2182D09900970A51 /* Assets.xcassets */ = {isa = PBXFileReference; lastKnownFileType = folder.assetcatalog; path = Assets.xcassets; sourceTree = "<group>"; };
		3D303AD22182D09900970A51 /* Base */ = {isa = PBXFileReference; lastKnownFileType = file.storyboard; name = Base; path = Base.lproj/LaunchScreen.storyboard; sourceTree = "<group>"; };
		3D303AD42182D09900970A51 /* Info.plist */ = {isa = PBXFileReference; lastKnownFileType = text.plist.xml; path = Info.plist; sourceTree = "<group>"; };
		3D303AD92182D09900970A51 /* circleciTestingTests.xctest */ = {isa = PBXFileReference; explicitFileType = wrapper.cfbundle; includeInIndex = 0; path = circleciTestingTests.xctest; sourceTree = BUILT_PRODUCTS_DIR; };
		3D303ADD2182D09900970A51 /* circleciTestingTests.swift */ = {isa = PBXFileReference; lastKnownFileType = sourcecode.swift; path = circleciTestingTests.swift; sourceTree = "<group>"; };
		3D303ADF2182D09900970A51 /* Info.plist */ = {isa = PBXFileReference; lastKnownFileType = text.plist.xml; path = Info.plist; sourceTree = "<group>"; };
/* End PBXFileReference section */

/* Begin PBXFrameworksBuildPhase section */
		3D303AC22182D09700970A51 /* Frameworks */ = {
			isa = PBXFrameworksBuildPhase;
			buildActionMask = 2147483647;
			files = (
			);
			runOnlyForDeploymentPostprocessing = 0;
		};
		3D303AD62182D09900970A51 /* Frameworks */ = {
			isa = PBXFrameworksBuildPhase;
			buildActionMask = 2147483647;
			files = (
			);
			runOnlyForDeploymentPostprocessing = 0;
		};
/* End PBXFrameworksBuildPhase section */

/* Begin PBXGroup section */
		3D303ABC2182D09700970A51 = {
			isa = PBXGroup;
			children = (
				3D303AC72182D09700970A51 /* circleciTesting */,
				3D303ADC2182D09900970A51 /* circleciTestingTests */,
				3D303AC62182D09700970A51 /* Products */,
			);
			sourceTree = "<group>";
		};
		3D303AC62182D09700970A51 /* Products */ = {
			isa = PBXGroup;
			children = (
				3D303AC52182D09700970A51 /* circleciTesting.app */,
				3D303AD92182D09900970A51 /* circleciTestingTests.xctest */,
			);
			name = Products;
			sourceTree = "<group>";
		};
		3D303AC72182D09700970A51 /* circleciTesting */ = {
			isa = PBXGroup;
			children = (
				3D303AC82182D09700970A51 /* AppDelegate.swift */,
				3D303ACA2182D09700970A51 /* ViewController.swift */,
				3D303ACC2182D09700970A51 /* Main.storyboard */,
				3D303ACF2182D09900970A51 /* Assets.xcassets */,
				3D303AD12182D09900970A51 /* LaunchScreen.storyboard */,
				3D303AD42182D09900970A51 /* Info.plist */,
			);
			path = circleciTesting;
			sourceTree = "<group>";
		};
		3D303ADC2182D09900970A51 /* circleciTestingTests */ = {
			isa = PBXGroup;
			children = (
				3D303ADD2182D09900970A51 /* circleciTestingTests.swift */,
				3D303ADF2182D09900970A51 /* Info.plist */,
			);
			path = circleciTestingTests;
			sourceTree = "<group>";
		};
/* End PBXGroup section */

/* Begin PBXNativeTarget section */
		3D303AC42182D09700970A51 /* circleciTesting */ = {
			isa = PBXNativeTarget;
			buildConfigurationList = 3D303AE22182D09900970A51 /* Build configuration list for PBXNativeTarget "circleciTesting" */;
			buildPhases = (
				3D303AC12182D09700970A51 /* Sources */,
				3D303AC22182D09700970A51 /* Frameworks */,
				3D303AC32182D09700970A51 /* Resources */,
			);
			buildRules = (
			);
			dependencies = (
			);
			name = circleciTesting;
			productName = circleciTesting;
			productReference = 3D303AC52182D09700970A51 /* circleciTesting.app */;
			productType = "com.apple.product-type.application";
		};
		3D303AD82182D09900970A51 /* circleciTestingTests */ = {
			isa = PBXNativeTarget;
			buildConfigurationList = 3D303AE52182D09900970A51 /* Build configuration list for PBXNativeTarget "circleciTestingTests" */;
			buildPhases = (
				3D303AD52182D09900970A51 /* Sources */,
				3D303AD62182D09900970A51 /* Frameworks */,
				3D303AD72182D09900970A51 /* Resources */,
			);
			buildRules = (
			);
			dependencies = (
				3D303ADB2182D09900970A51 /* PBXTargetDependency */,
			);
			name = circleciTestingTests;
			productName = circleciTestingTests;
			productReference = 3D303AD92182D09900970A51 /* circleciTestingTests.xctest */;
			productType = "com.apple.product-type.bundle.unit-test";
		};
/* End PBXNativeTarget section */

/* Begin PBXProject section */
		3D303ABD2182D09700970A51 /* Project object */ = {
			isa = PBXProject;
			attributes = {
				LastSwiftUpdateCheck = 1000;
				LastUpgradeCheck = 1000;
				ORGANIZATIONNAME = "Muhammad Numan";
				TargetAttributes = {
					3D303AC42182D09700970A51 = {
						CreatedOnToolsVersion = 10.0;
					};
					3D303AD82182D09900970A51 = {
						CreatedOnToolsVersion = 10.0;
						TestTargetID = 3D303AC42182D09700970A51;
					};
				};
			};
			buildConfigurationList = 3D303AC02182D09700970A51 /* Build configuration list for PBXProject "circleciTesting" */;
			compatibilityVersion = "Xcode 9.3";
			developmentRegion = en;
			hasScannedForEncodings = 0;
			knownRegions = (
				en,
				Base,
			);
			mainGroup = 3D303ABC2182D09700970A51;
			productRefGroup = 3D303AC62182D09700970A51 /* Products */;
			projectDirPath = "";
			projectRoot = "";
			targets = (
				3D303AC42182D09700970A51 /* circleciTesting */,
				3D303AD82182D09900970A51 /* circleciTestingTests */,
			);
		};
/* End PBXProject section */

/* Begin PBXResourcesBuildPhase section */
		3D303AC32182D09700970A51 /* Resources */ = {
			isa = PBXResourcesBuildPhase;
			buildActionMask = 2147483647;
			files = (
				3D303AD32182D09900970A51 /* LaunchScreen.storyboard in Resources */,
				3D303AD02182D09900970A51 /* Assets.xcassets in Resources */,
				3D303ACE2182D09700970A51 /* Main.storyboard in Resources */,
			);
			runOnlyForDeploymentPostprocessing = 0;
		};
		3D303AD72182D09900970A51 /* Resources */ = {
			isa = PBXResourcesBuildPhase;
			buildActionMask = 2147483647;
			files = (
			);
			runOnlyForDeploymentPostprocessing = 0;
		};
/* End PBXResourcesBuildPhase section */

/* Begin PBXSourcesBuildPhase section */
		3D303AC12182D09700970A51 /* Sources */ = {
			isa = PBXSourcesBuildPhase;
			buildActionMask = 2147483647;
			files = (
				3D303ACB2182D09700970A51 /* ViewController.swift in Sources */,
				3D303AC92182D09700970A51 /* AppDelegate.swift in Sources */,
			);
			runOnlyForDeploymentPostprocessing = 0;
		};
		3D303AD52182D09900970A51 /* Sources */ = {
			isa = PBXSourcesBuildPhase;
			buildActionMask = 2147483647;
			files = (
				3D303ADE2182D09900970A51 /* circleciTestingTests.swift in Sources */,
			);
			runOnlyForDeploymentPostprocessing = 0;
		};
/* End PBXSourcesBuildPhase section */

/* Begin PBXTargetDependency section */
		3D303ADB2182D09900970A51 /* PBXTargetDependency */ = {
			isa = PBXTargetDependency;
			target = 3D303AC42182D09700970A51 /* circleciTesting */;
			targetProxy = 3D303ADA2182D09900970A51 /* PBXContainerItemProxy */;
		};
/* End PBXTargetDependency section */

/* Begin PBXVariantGroup section */
		3D303ACC2182D09700970A51 /* Main.storyboard */ = {
			isa = PBXVariantGroup;
			children = (
				3D303ACD2182D09700970A51 /* Base */,
			);
			name = Main.storyboard;
			sourceTree = "<group>";
		};
		3D303AD12182D09900970A51 /* LaunchScreen.storyboard */ = {
			isa = PBXVariantGroup;
			children = (
				3D303AD22182D09900970A51 /* Base */,
			);
			name = LaunchScreen.storyboard;
			sourceTree = "<group>";
		};
/* End PBXVariantGroup section */

/* Begin XCBuildConfiguration section */
		3D303AE02182D09900970A51 /* Debug */ = {
			isa = XCBuildConfiguration;
			buildSettings = {
				ALWAYS_SEARCH_USER_PATHS = NO;
				CLANG_ANALYZER_NONNULL = YES;
				CLANG_ANALYZER_NUMBER_OBJECT_CONVERSION = YES_AGGRESSIVE;
				CLANG_CXX_LANGUAGE_STANDARD = "gnu++14";
				CLANG_CXX_LIBRARY = "libc++";
				CLANG_ENABLE_MODULES = YES;
				CLANG_ENABLE_OBJC_ARC = YES;
				CLANG_ENABLE_OBJC_WEAK = YES;
				CLANG_WARN_BLOCK_CAPTURE_AUTORELEASING = YES;
				CLANG_WARN_BOOL_CONVERSION = YES;
				CLANG_WARN_COMMA = YES;
				CLANG_WARN_CONSTANT_CONVERSION = YES;
				CLANG_WARN_DEPRECATED_OBJC_IMPLEMENTATIONS = YES;
				CLANG_WARN_DIRECT_OBJC_ISA_USAGE = YES_ERROR;
				CLANG_WARN_DOCUMENTATION_COMMENTS = YES;
				CLANG_WARN_EMPTY_BODY = YES;
				CLANG_WARN_ENUM_CONVERSION = YES;
				CLANG_WARN_INFINITE_RECURSION = YES;
				CLANG_WARN_INT_CONVERSION = YES;
				CLANG_WARN_NON_LITERAL_NULL_CONVERSION = YES;
				CLANG_WARN_OBJC_IMPLICIT_RETAIN_SELF = YES;
				CLANG_WARN_OBJC_LITERAL_CONVERSION = YES;
				CLANG_WARN_OBJC_ROOT_CLASS = YES_ERROR;
				CLANG_WARN_RANGE_LOOP_ANALYSIS = YES;
				CLANG_WARN_STRICT_PROTOTYPES = YES;
				CLANG_WARN_SUSPICIOUS_MOVE = YES;
				CLANG_WARN_UNGUARDED_AVAILABILITY = YES_AGGRESSIVE;
				CLANG_WARN_UNREACHABLE_CODE = YES;
				CLANG_WARN__DUPLICATE_METHOD_MATCH = YES;
				CODE_SIGN_IDENTITY = "iPhone Developer";
				COPY_PHASE_STRIP = NO;
				DEBUG_INFORMATION_FORMAT = dwarf;
				ENABLE_STRICT_OBJC_MSGSEND = YES;
				ENABLE_TESTABILITY = YES;
				GCC_C_LANGUAGE_STANDARD = gnu11;
				GCC_DYNAMIC_NO_PIC = NO;
				GCC_NO_COMMON_BLOCKS = YES;
				GCC_OPTIMIZATION_LEVEL = 0;
				GCC_PREPROCESSOR_DEFINITIONS = (
					"DEBUG=1",
					"$(inherited)",
				);
				GCC_WARN_64_TO_32_BIT_CONVERSION = YES;
				GCC_WARN_ABOUT_RETURN_TYPE = YES_ERROR;
				GCC_WARN_UNDECLARED_SELECTOR = YES;
				GCC_WARN_UNINITIALIZED_AUTOS = YES_AGGRESSIVE;
				GCC_WARN_UNUSED_FUNCTION = YES;
				GCC_WARN_UNUSED_VARIABLE = YES;
				IPHONEOS_DEPLOYMENT_TARGET = 12.0;
				MTL_ENABLE_DEBUG_INFO = INCLUDE_SOURCE;
				MTL_FAST_MATH = YES;
				ONLY_ACTIVE_ARCH = YES;
				SDKROOT = iphoneos;
				SWIFT_ACTIVE_COMPILATION_CONDITIONS = DEBUG;
				SWIFT_OPTIMIZATION_LEVEL = "-Onone";
			};
			name = Debug;
		};
		3D303AE12182D09900970A51 /* Release */ = {
			isa = XCBuildConfiguration;
			buildSettings = {
				ALWAYS_SEARCH_USER_PATHS = NO;
				CLANG_ANALYZER_NONNULL = YES;
				CLANG_ANALYZER_NUMBER_OBJECT_CONVERSION = YES_AGGRESSIVE;
				CLANG_CXX_LANGUAGE_STANDARD = "gnu++14";
				CLANG_CXX_LIBRARY = "libc++";
				CLANG_ENABLE_MODULES = YES;
				CLANG_ENABLE_OBJC_ARC = YES;
				CLANG_ENABLE_OBJC_WEAK = YES;
				CLANG_WARN_BLOCK_CAPTURE_AUTORELEASING = YES;
				CLANG_WARN_BOOL_CONVERSION = YES;
				CLANG_WARN_COMMA = YES;
				CLANG_WARN_CONSTANT_CONVERSION = YES;
				CLANG_WARN_DEPRECATED_OBJC_IMPLEMENTATIONS = YES;
				CLANG_WARN_DIRECT_OBJC_ISA_USAGE = YES_ERROR;
				CLANG_WARN_DOCUMENTATION_COMMENTS = YES;
				CLANG_WARN_EMPTY_BODY = YES;
				CLANG_WARN_ENUM_CONVERSION = YES;
				CLANG_WARN_INFINITE_RECURSION = YES;
				CLANG_WARN_INT_CONVERSION = YES;
				CLANG_WARN_NON_LITERAL_NULL_CONVERSION = YES;
				CLANG_WARN_OBJC_IMPLICIT_RETAIN_SELF = YES;
				CLANG_WARN_OBJC_LITERAL_CONVERSION = YES;
				CLANG_WARN_OBJC_ROOT_CLASS = YES_ERROR;
				CLANG_WARN_RANGE_LOOP_ANALYSIS = YES;
				CLANG_WARN_STRICT_PROTOTYPES = YES;
				CLANG_WARN_SUSPICIOUS_MOVE = YES;
				CLANG_WARN_UNGUARDED_AVAILABILITY = YES_AGGRESSIVE;
				CLANG_WARN_UNREACHABLE_CODE = YES;
				CLANG_WARN__DUPLICATE_METHOD_MATCH = YES;
				CODE_SIGN_IDENTITY = "iPhone Developer";
				COPY_PHASE_STRIP = NO;
				DEBUG_INFORMATION_FORMAT = "dwarf-with-dsym";
				ENABLE_NS_ASSERTIONS = NO;
				ENABLE_STRICT_OBJC_MSGSEND = YES;
				GCC_C_LANGUAGE_STANDARD = gnu11;
				GCC_NO_COMMON_BLOCKS = YES;
				GCC_WARN_64_TO_32_BIT_CONVERSION = YES;
				GCC_WARN_ABOUT_RETURN_TYPE = YES_ERROR;
				GCC_WARN_UNDECLARED_SELECTOR = YES;
				GCC_WARN_UNINITIALIZED_AUTOS = YES_AGGRESSIVE;
				GCC_WARN_UNUSED_FUNCTION = YES;
				GCC_WARN_UNUSED_VARIABLE = YES;
				IPHONEOS_DEPLOYMENT_TARGET = 12.0;
				MTL_ENABLE_DEBUG_INFO = NO;
				MTL_FAST_MATH = YES;
				SDKROOT = iphoneos;
				SWIFT_COMPILATION_MODE = wholemodule;
				SWIFT_OPTIMIZATION_LEVEL = "-O";
				VALIDATE_PRODUCT = YES;
			};
			name = Release;
		};
		3D303AE32182D09900970A51 /* Debug */ = {
			isa = XCBuildConfiguration;
			buildSettings = {
				ASSETCATALOG_COMPILER_APPICON_NAME = AppIcon;
				CODE_SIGN_STYLE = Automatic;
				INFOPLIST_FILE = circleciTesting/Info.plist;
				LD_RUNPATH_SEARCH_PATHS = (
					"$(inherited)",
					"@executable_path/Frameworks",
				);
				PRODUCT_BUNDLE_IDENTIFIER = com.shy7lo.shy7lo.circleciTesting;
				PRODUCT_NAME = "$(TARGET_NAME)";
				SWIFT_VERSION = 4.2;
				TARGETED_DEVICE_FAMILY = "1,2";
			};
			name = Debug;
		};
		3D303AE42182D09900970A51 /* Release */ = {
			isa = XCBuildConfiguration;
			buildSettings = {
				ASSETCATALOG_COMPILER_APPICON_NAME = AppIcon;
				CODE_SIGN_STYLE = Automatic;
				INFOPLIST_FILE = circleciTesting/Info.plist;
				LD_RUNPATH_SEARCH_PATHS = (
					"$(inherited)",
					"@executable_path/Frameworks",
				);
				PRODUCT_BUNDLE_IDENTIFIER = com.shy7lo.shy7lo.circleciTesting;
				PRODUCT_NAME = "$(TARGET_NAME)";
				SWIFT_VERSION = 4.2;
				TARGETED_DEVICE_FAMILY = "1,2";
			};
			name = Release;
		};
		3D303AE62182D09900970A51 /* Debug */ = {
			isa = XCBuildConfiguration;
			buildSettings = {
				ALWAYS_EMBED_SWIFT_STANDARD_LIBRARIES = YES;
				BUNDLE_LOADER = "$(TEST_HOST)";
				CODE_SIGN_STYLE = Automatic;
				INFOPLIST_FILE = circleciTestingTests/Info.plist;
				LD_RUNPATH_SEARCH_PATHS = (
					"$(inherited)",
					"@executable_path/Frameworks",
					"@loader_path/Frameworks",
				);
				PRODUCT_BUNDLE_IDENTIFIER = com.shy7lo.shy7lo.circleciTestingTests;
				PRODUCT_NAME = "$(TARGET_NAME)";
				SWIFT_VERSION = 4.2;
				TARGETED_DEVICE_FAMILY = "1,2";
				TEST_HOST = "$(BUILT_PRODUCTS_DIR)/circleciTesting.app/circleciTesting";
			};
			name = Debug;
		};
		3D303AE72182D09900970A51 /* Release */ = {
			isa = XCBuildConfiguration;
			buildSettings = {
				ALWAYS_EMBED_SWIFT_STANDARD_LIBRARIES = YES;
				BUNDLE_LOADER = "$(TEST_HOST)";
				CODE_SIGN_STYLE = Automatic;
				INFOPLIST_FILE = circleciTestingTests/Info.plist;
				LD_RUNPATH_SEARCH_PATHS = (
					"$(inherited)",
					"@executable_path/Frameworks",
					"@loader_path/Frameworks",
				);
				PRODUCT_BUNDLE_IDENTIFIER = com.shy7lo.shy7lo.circleciTestingTests;
				PRODUCT_NAME = "$(TARGET_NAME)";
				SWIFT_VERSION = 4.2;
				TARGETED_DEVICE_FAMILY = "1,2";
				TEST_HOST = "$(BUILT_PRODUCTS_DIR)/circleciTesting.app/circleciTesting";
			};
			name = Release;
		};
/* End XCBuildConfiguration section */

/* Begin XCConfigurationList section */
		3D303AC02182D09700970A51 /* Build configuration list for PBXProject "circleciTesting" */ = {
			isa = XCConfigurationList;
			buildConfigurations = (
				3D303AE02182D09900970A51 /* Debug */,
				3D303AE12182D09900970A51 /* Release */,
			);
			defaultConfigurationIsVisible = 0;
			defaultConfigurationName = Release;
		};
		3D303AE22182D09900970A51 /* Build configuration list for PBXNativeTarget "circleciTesting" */ = {
			isa = XCConfigurationList;
			buildConfigurations = (
				3D303AE32182D09900970A51 /* Debug */,
				3D303AE42182D09900970A51 /* Release */,
			);
			defaultConfigurationIsVisible = 0;
			defaultConfigurationName = Release;
		};
		3D303AE52182D09900970A51 /* Build configuration list for PBXNativeTarget "circleciTestingTests" */ = {
			isa = XCConfigurationList;
			buildConfigurations = (
				3D303AE62182D09900970A51 /* Debug */,
				3D303AE72182D09900970A51 /* Release */,
			);
			defaultConfigurationIsVisible = 0;
			defaultConfigurationName = Release;
		};
/* End XCConfigurationList section */
	};
	rootObject = 3D303ABD2182D09700970A51 /* Project object */;
}
